// !$*UTF8*$!
{
	archiveVersion = 1;
	classes = {
	};
	objectVersion = 56;
	objects = {

/* Begin PBXBuildFile section */
		52F9FC072A5E293F117542E0 /* Pods_GraduationProject.framework in Frameworks */ = {isa = PBXBuildFile; fileRef = C5F6DC3191B47715A7084DEA /* Pods_GraduationProject.framework */; };
		A00B7A5229770013003F9760 /* FavoritesViewController.swift in Sources */ = {isa = PBXBuildFile; fileRef = A00B7A5129770013003F9760 /* FavoritesViewController.swift */; };
		A00B7A5429770194003F9760 /* CoreDataManager.swift in Sources */ = {isa = PBXBuildFile; fileRef = A00B7A5329770194003F9760 /* CoreDataManager.swift */; };
		A022BA8E29770C2200E950AC /* FavoriteViewModel.swift in Sources */ = {isa = PBXBuildFile; fileRef = A022BA8D29770C2200E950AC /* FavoriteViewModel.swift */; };
		A022BA912977199500E950AC /* FavoriteTableViewCell.swift in Sources */ = {isa = PBXBuildFile; fileRef = A022BA8F2977199500E950AC /* FavoriteTableViewCell.swift */; };
		A022BA922977199500E950AC /* FavoriteTableViewCell.xib in Resources */ = {isa = PBXBuildFile; fileRef = A022BA902977199500E950AC /* FavoriteTableViewCell.xib */; };
		A022BA9429774AC800E950AC /* NotesViewController.swift in Sources */ = {isa = PBXBuildFile; fileRef = A022BA9329774AC800E950AC /* NotesViewController.swift */; };
		A022BA9629774B1500E950AC /* AddNoteViewController.swift in Sources */ = {isa = PBXBuildFile; fileRef = A022BA9529774B1500E950AC /* AddNoteViewController.swift */; };
		A022BA982977576300E950AC /* AddNoteViewModel.swift in Sources */ = {isa = PBXBuildFile; fileRef = A022BA972977576300E950AC /* AddNoteViewModel.swift */; };
		A08DDA152971CB65009C9031 /* AppDelegate.swift in Sources */ = {isa = PBXBuildFile; fileRef = A08DDA142971CB65009C9031 /* AppDelegate.swift */; };
		A08DDA172971CB65009C9031 /* SceneDelegate.swift in Sources */ = {isa = PBXBuildFile; fileRef = A08DDA162971CB65009C9031 /* SceneDelegate.swift */; };
		A08DDA192971CB65009C9031 /* HomeViewController.swift in Sources */ = {isa = PBXBuildFile; fileRef = A08DDA182971CB65009C9031 /* HomeViewController.swift */; };
		A08DDA1C2971CB65009C9031 /* Main.storyboard in Resources */ = {isa = PBXBuildFile; fileRef = A08DDA1A2971CB65009C9031 /* Main.storyboard */; };
		A08DDA1F2971CB65009C9031 /* GraduationProject.xcdatamodeld in Sources */ = {isa = PBXBuildFile; fileRef = A08DDA1D2971CB65009C9031 /* GraduationProject.xcdatamodeld */; };
		A08DDA212971CB66009C9031 /* Assets.xcassets in Resources */ = {isa = PBXBuildFile; fileRef = A08DDA202971CB66009C9031 /* Assets.xcassets */; };
		A08DDA242971CB66009C9031 /* LaunchScreen.storyboard in Resources */ = {isa = PBXBuildFile; fileRef = A08DDA222971CB66009C9031 /* LaunchScreen.storyboard */; };
		A08DDA352971CD52009C9031 /* APICaller.swift in Sources */ = {isa = PBXBuildFile; fileRef = A08DDA342971CD52009C9031 /* APICaller.swift */; };
		A08DDA372971CD69009C9031 /* APIConstants.swift in Sources */ = {isa = PBXBuildFile; fileRef = A08DDA362971CD69009C9031 /* APIConstants.swift */; };
		A08DDA3B2971CD90009C9031 /* Game.swift in Sources */ = {isa = PBXBuildFile; fileRef = A08DDA3A2971CD90009C9031 /* Game.swift */; };
		A08DDA3D2971CD96009C9031 /* GameDetail.swift in Sources */ = {isa = PBXBuildFile; fileRef = A08DDA3C2971CD96009C9031 /* GameDetail.swift */; };
		A08DDA3F2971CD9D009C9031 /* Platform.swift in Sources */ = {isa = PBXBuildFile; fileRef = A08DDA3E2971CD9D009C9031 /* Platform.swift */; };
		A08DDA412971CDA3009C9031 /* Genre.swift in Sources */ = {isa = PBXBuildFile; fileRef = A08DDA402971CDA3009C9031 /* Genre.swift */; };
		A08DDA432971D3E3009C9031 /* SearchViewController.swift in Sources */ = {isa = PBXBuildFile; fileRef = A08DDA422971D3E3009C9031 /* SearchViewController.swift */; };
		A08DDA452971D902009C9031 /* LatestCollectionViewCell.swift in Sources */ = {isa = PBXBuildFile; fileRef = A08DDA442971D902009C9031 /* LatestCollectionViewCell.swift */; };
		A08DDA482971E3A6009C9031 /* PopularTableViewCell.swift in Sources */ = {isa = PBXBuildFile; fileRef = A08DDA462971E3A6009C9031 /* PopularTableViewCell.swift */; };
		A08DDA492971E3A6009C9031 /* PopularTableViewCell.xib in Resources */ = {isa = PBXBuildFile; fileRef = A08DDA472971E3A6009C9031 /* PopularTableViewCell.xib */; };
		A0CC33F72972D3920020CF0B /* Extensions.swift in Sources */ = {isa = PBXBuildFile; fileRef = A0CC33F62972D3920020CF0B /* Extensions.swift */; };
		A0CC33F92972D7340020CF0B /* HomeViewModel.swift in Sources */ = {isa = PBXBuildFile; fileRef = A0CC33F82972D7340020CF0B /* HomeViewModel.swift */; };
		A0CC33FB2972D7C00020CF0B /* HomeModel.swift in Sources */ = {isa = PBXBuildFile; fileRef = A0CC33FA2972D7C00020CF0B /* HomeModel.swift */; };
		A0CC33FD2972EFC90020CF0B /* Utils.swift in Sources */ = {isa = PBXBuildFile; fileRef = A0CC33FC2972EFC90020CF0B /* Utils.swift */; };
		A0CC33FF297307DF0020CF0B /* SearchSection.swift in Sources */ = {isa = PBXBuildFile; fileRef = A0CC33FE297307DF0020CF0B /* SearchSection.swift */; };
		A0CC3405297309BC0020CF0B /* SearchViewModel.swift in Sources */ = {isa = PBXBuildFile; fileRef = A0CC3404297309BC0020CF0B /* SearchViewModel.swift */; };
		A0CC3407297309C70020CF0B /* SearchModel.swift in Sources */ = {isa = PBXBuildFile; fileRef = A0CC3406297309C70020CF0B /* SearchModel.swift */; };
		A0CC340A29730E290020CF0B /* SearchGameTableViewCell.swift in Sources */ = {isa = PBXBuildFile; fileRef = A0CC340829730E290020CF0B /* SearchGameTableViewCell.swift */; };
		A0CC340B29730E290020CF0B /* SearchGameTableViewCell.xib in Resources */ = {isa = PBXBuildFile; fileRef = A0CC340929730E290020CF0B /* SearchGameTableViewCell.xib */; };
		A0DDC7EE29787550003D4150 /* NoteCollectionViewCell.swift in Sources */ = {isa = PBXBuildFile; fileRef = A0DDC7ED29787550003D4150 /* NoteCollectionViewCell.swift */; };
		A0DDC7F029787740003D4150 /* NoteViewModel.swift in Sources */ = {isa = PBXBuildFile; fileRef = A0DDC7EF29787740003D4150 /* NoteViewModel.swift */; };
		A0DDC7F2297893A1003D4150 /* PinterestLayout.swift in Sources */ = {isa = PBXBuildFile; fileRef = A0DDC7F1297893A1003D4150 /* PinterestLayout.swift */; };
		A0DDC7F4297953C8003D4150 /* LocalNotificationManager.swift in Sources */ = {isa = PBXBuildFile; fileRef = A0DDC7F3297953C8003D4150 /* LocalNotificationManager.swift */; };
		A0DDC7FD297985A6003D4150 /* Localizable.strings in Resources */ = {isa = PBXBuildFile; fileRef = A0DDC7FB297985A6003D4150 /* Localizable.strings */; };
		A0DEF4D72975A9F00036C3FF /* GameDetailViewModel.swift in Sources */ = {isa = PBXBuildFile; fileRef = A0DEF4D62975A9F00036C3FF /* GameDetailViewModel.swift */; };
		A0DEF4D92975A9FE0036C3FF /* GameDetailModel.swift in Sources */ = {isa = PBXBuildFile; fileRef = A0DEF4D82975A9FE0036C3FF /* GameDetailModel.swift */; };
		A0DEF4E02975E3D30036C3FF /* GameDetailTableViewCell.swift in Sources */ = {isa = PBXBuildFile; fileRef = A0DEF4DE2975E3D30036C3FF /* GameDetailTableViewCell.swift */; };
		A0DEF4E12975E3D30036C3FF /* GameDetailTableViewCell.xib in Resources */ = {isa = PBXBuildFile; fileRef = A0DEF4DF2975E3D30036C3FF /* GameDetailTableViewCell.xib */; };
		A0F33D4D2974980A0041D204 /* GameDetailViewController.swift in Sources */ = {isa = PBXBuildFile; fileRef = A0F33D4C2974980A0041D204 /* GameDetailViewController.swift */; };
/* End PBXBuildFile section */

/* Begin PBXFileReference section */
		04916B39388A12D6ACD2A965 /* Pods-GraduationProject.release.xcconfig */ = {isa = PBXFileReference; includeInIndex = 1; lastKnownFileType = text.xcconfig; name = "Pods-GraduationProject.release.xcconfig"; path = "Target Support Files/Pods-GraduationProject/Pods-GraduationProject.release.xcconfig"; sourceTree = "<group>"; };
		A00B7A5129770013003F9760 /* FavoritesViewController.swift */ = {isa = PBXFileReference; lastKnownFileType = sourcecode.swift; path = FavoritesViewController.swift; sourceTree = "<group>"; };
		A00B7A5329770194003F9760 /* CoreDataManager.swift */ = {isa = PBXFileReference; lastKnownFileType = sourcecode.swift; path = CoreDataManager.swift; sourceTree = "<group>"; };
		A022BA8D29770C2200E950AC /* FavoriteViewModel.swift */ = {isa = PBXFileReference; lastKnownFileType = sourcecode.swift; path = FavoriteViewModel.swift; sourceTree = "<group>"; };
		A022BA8F2977199500E950AC /* FavoriteTableViewCell.swift */ = {isa = PBXFileReference; lastKnownFileType = sourcecode.swift; path = FavoriteTableViewCell.swift; sourceTree = "<group>"; };
		A022BA902977199500E950AC /* FavoriteTableViewCell.xib */ = {isa = PBXFileReference; lastKnownFileType = file.xib; path = FavoriteTableViewCell.xib; sourceTree = "<group>"; };
		A022BA9329774AC800E950AC /* NotesViewController.swift */ = {isa = PBXFileReference; lastKnownFileType = sourcecode.swift; path = NotesViewController.swift; sourceTree = "<group>"; };
		A022BA9529774B1500E950AC /* AddNoteViewController.swift */ = {isa = PBXFileReference; lastKnownFileType = sourcecode.swift; path = AddNoteViewController.swift; sourceTree = "<group>"; };
		A022BA972977576300E950AC /* AddNoteViewModel.swift */ = {isa = PBXFileReference; lastKnownFileType = sourcecode.swift; path = AddNoteViewModel.swift; sourceTree = "<group>"; };
		A08DDA112971CB65009C9031 /* GraduationProject.app */ = {isa = PBXFileReference; explicitFileType = wrapper.application; includeInIndex = 0; path = GraduationProject.app; sourceTree = BUILT_PRODUCTS_DIR; };
		A08DDA142971CB65009C9031 /* AppDelegate.swift */ = {isa = PBXFileReference; lastKnownFileType = sourcecode.swift; path = AppDelegate.swift; sourceTree = "<group>"; };
		A08DDA162971CB65009C9031 /* SceneDelegate.swift */ = {isa = PBXFileReference; lastKnownFileType = sourcecode.swift; path = SceneDelegate.swift; sourceTree = "<group>"; };
		A08DDA182971CB65009C9031 /* HomeViewController.swift */ = {isa = PBXFileReference; lastKnownFileType = sourcecode.swift; path = HomeViewController.swift; sourceTree = "<group>"; };
		A08DDA1B2971CB65009C9031 /* Base */ = {isa = PBXFileReference; lastKnownFileType = file.storyboard; name = Base; path = Base.lproj/Main.storyboard; sourceTree = "<group>"; };
		A08DDA1E2971CB65009C9031 /* GraduationProject.xcdatamodel */ = {isa = PBXFileReference; lastKnownFileType = wrapper.xcdatamodel; path = GraduationProject.xcdatamodel; sourceTree = "<group>"; };
		A08DDA202971CB66009C9031 /* Assets.xcassets */ = {isa = PBXFileReference; lastKnownFileType = folder.assetcatalog; path = Assets.xcassets; sourceTree = "<group>"; };
		A08DDA232971CB66009C9031 /* Base */ = {isa = PBXFileReference; lastKnownFileType = file.storyboard; name = Base; path = Base.lproj/LaunchScreen.storyboard; sourceTree = "<group>"; };
		A08DDA252971CB66009C9031 /* Info.plist */ = {isa = PBXFileReference; lastKnownFileType = text.plist.xml; path = Info.plist; sourceTree = "<group>"; };
		A08DDA342971CD52009C9031 /* APICaller.swift */ = {isa = PBXFileReference; lastKnownFileType = sourcecode.swift; path = APICaller.swift; sourceTree = "<group>"; };
		A08DDA362971CD69009C9031 /* APIConstants.swift */ = {isa = PBXFileReference; lastKnownFileType = sourcecode.swift; path = APIConstants.swift; sourceTree = "<group>"; };
		A08DDA3A2971CD90009C9031 /* Game.swift */ = {isa = PBXFileReference; lastKnownFileType = sourcecode.swift; path = Game.swift; sourceTree = "<group>"; };
		A08DDA3C2971CD96009C9031 /* GameDetail.swift */ = {isa = PBXFileReference; lastKnownFileType = sourcecode.swift; path = GameDetail.swift; sourceTree = "<group>"; };
		A08DDA3E2971CD9D009C9031 /* Platform.swift */ = {isa = PBXFileReference; lastKnownFileType = sourcecode.swift; path = Platform.swift; sourceTree = "<group>"; };
		A08DDA402971CDA3009C9031 /* Genre.swift */ = {isa = PBXFileReference; lastKnownFileType = sourcecode.swift; path = Genre.swift; sourceTree = "<group>"; };
		A08DDA422971D3E3009C9031 /* SearchViewController.swift */ = {isa = PBXFileReference; lastKnownFileType = sourcecode.swift; path = SearchViewController.swift; sourceTree = "<group>"; };
		A08DDA442971D902009C9031 /* LatestCollectionViewCell.swift */ = {isa = PBXFileReference; lastKnownFileType = sourcecode.swift; path = LatestCollectionViewCell.swift; sourceTree = "<group>"; };
		A08DDA462971E3A6009C9031 /* PopularTableViewCell.swift */ = {isa = PBXFileReference; lastKnownFileType = sourcecode.swift; path = PopularTableViewCell.swift; sourceTree = "<group>"; };
		A08DDA472971E3A6009C9031 /* PopularTableViewCell.xib */ = {isa = PBXFileReference; lastKnownFileType = file.xib; path = PopularTableViewCell.xib; sourceTree = "<group>"; };
		A0CC33F62972D3920020CF0B /* Extensions.swift */ = {isa = PBXFileReference; lastKnownFileType = sourcecode.swift; path = Extensions.swift; sourceTree = "<group>"; };
		A0CC33F82972D7340020CF0B /* HomeViewModel.swift */ = {isa = PBXFileReference; lastKnownFileType = sourcecode.swift; path = HomeViewModel.swift; sourceTree = "<group>"; };
		A0CC33FA2972D7C00020CF0B /* HomeModel.swift */ = {isa = PBXFileReference; lastKnownFileType = sourcecode.swift; path = HomeModel.swift; sourceTree = "<group>"; };
		A0CC33FC2972EFC90020CF0B /* Utils.swift */ = {isa = PBXFileReference; lastKnownFileType = sourcecode.swift; path = Utils.swift; sourceTree = "<group>"; };
		A0CC33FE297307DF0020CF0B /* SearchSection.swift */ = {isa = PBXFileReference; lastKnownFileType = sourcecode.swift; path = SearchSection.swift; sourceTree = "<group>"; };
		A0CC3404297309BC0020CF0B /* SearchViewModel.swift */ = {isa = PBXFileReference; lastKnownFileType = sourcecode.swift; path = SearchViewModel.swift; sourceTree = "<group>"; };
		A0CC3406297309C70020CF0B /* SearchModel.swift */ = {isa = PBXFileReference; lastKnownFileType = sourcecode.swift; path = SearchModel.swift; sourceTree = "<group>"; };
		A0CC340829730E290020CF0B /* SearchGameTableViewCell.swift */ = {isa = PBXFileReference; lastKnownFileType = sourcecode.swift; path = SearchGameTableViewCell.swift; sourceTree = "<group>"; };
		A0CC340929730E290020CF0B /* SearchGameTableViewCell.xib */ = {isa = PBXFileReference; lastKnownFileType = file.xib; path = SearchGameTableViewCell.xib; sourceTree = "<group>"; };
		A0DDC7ED29787550003D4150 /* NoteCollectionViewCell.swift */ = {isa = PBXFileReference; lastKnownFileType = sourcecode.swift; path = NoteCollectionViewCell.swift; sourceTree = "<group>"; };
		A0DDC7EF29787740003D4150 /* NoteViewModel.swift */ = {isa = PBXFileReference; lastKnownFileType = sourcecode.swift; path = NoteViewModel.swift; sourceTree = "<group>"; };
		A0DDC7F1297893A1003D4150 /* PinterestLayout.swift */ = {isa = PBXFileReference; lastKnownFileType = sourcecode.swift; path = PinterestLayout.swift; sourceTree = "<group>"; };
		A0DDC7F3297953C8003D4150 /* LocalNotificationManager.swift */ = {isa = PBXFileReference; lastKnownFileType = sourcecode.swift; path = LocalNotificationManager.swift; sourceTree = "<group>"; };
		A0DDC7F529797B5F003D4150 /* de */ = {isa = PBXFileReference; lastKnownFileType = text.plist.strings; name = de; path = de.lproj/Main.strings; sourceTree = "<group>"; };
		A0DDC7FA2979852C003D4150 /* en */ = {isa = PBXFileReference; lastKnownFileType = text.plist.strings; name = en; path = en.lproj/Main.strings; sourceTree = "<group>"; };
		A0DDC7FC297985A6003D4150 /* Base */ = {isa = PBXFileReference; lastKnownFileType = text.plist.strings; name = Base; path = GraduationProject/View/Base.lproj/Localizable.strings; sourceTree = "<group>"; };
		A0DDC7FE297985A9003D4150 /* de */ = {isa = PBXFileReference; lastKnownFileType = text.plist.strings; name = de; path = GraduationProject/View/de.lproj/Localizable.strings; sourceTree = "<group>"; };
		A0DDC7FF297985AA003D4150 /* en */ = {isa = PBXFileReference; lastKnownFileType = text.plist.strings; name = en; path = GraduationProject/View/en.lproj/Localizable.strings; sourceTree = "<group>"; };
		A0DDC80029798D7F003D4150 /* tr */ = {isa = PBXFileReference; lastKnownFileType = text.plist.strings; name = tr; path = tr.lproj/Main.strings; sourceTree = "<group>"; };
		A0DDC80129798D7F003D4150 /* tr */ = {isa = PBXFileReference; lastKnownFileType = text.plist.strings; name = tr; path = GraduationProject/View/tr.lproj/Localizable.strings; sourceTree = "<group>"; };
		A0DEF4D62975A9F00036C3FF /* GameDetailViewModel.swift */ = {isa = PBXFileReference; lastKnownFileType = sourcecode.swift; path = GameDetailViewModel.swift; sourceTree = "<group>"; };
		A0DEF4D82975A9FE0036C3FF /* GameDetailModel.swift */ = {isa = PBXFileReference; lastKnownFileType = sourcecode.swift; path = GameDetailModel.swift; sourceTree = "<group>"; };
		A0DEF4DE2975E3D30036C3FF /* GameDetailTableViewCell.swift */ = {isa = PBXFileReference; lastKnownFileType = sourcecode.swift; path = GameDetailTableViewCell.swift; sourceTree = "<group>"; };
		A0DEF4DF2975E3D30036C3FF /* GameDetailTableViewCell.xib */ = {isa = PBXFileReference; lastKnownFileType = file.xib; path = GameDetailTableViewCell.xib; sourceTree = "<group>"; };
		A0F33D4C2974980A0041D204 /* GameDetailViewController.swift */ = {isa = PBXFileReference; lastKnownFileType = sourcecode.swift; path = GameDetailViewController.swift; sourceTree = "<group>"; };
		C5F6DC3191B47715A7084DEA /* Pods_GraduationProject.framework */ = {isa = PBXFileReference; explicitFileType = wrapper.framework; includeInIndex = 0; path = Pods_GraduationProject.framework; sourceTree = BUILT_PRODUCTS_DIR; };
		D896399394417AED06BF2934 /* Pods-GraduationProject.debug.xcconfig */ = {isa = PBXFileReference; includeInIndex = 1; lastKnownFileType = text.xcconfig; name = "Pods-GraduationProject.debug.xcconfig"; path = "Target Support Files/Pods-GraduationProject/Pods-GraduationProject.debug.xcconfig"; sourceTree = "<group>"; };
/* End PBXFileReference section */

/* Begin PBXFrameworksBuildPhase section */
		A08DDA0E2971CB65009C9031 /* Frameworks */ = {
			isa = PBXFrameworksBuildPhase;
			buildActionMask = 2147483647;
			files = (
				52F9FC072A5E293F117542E0 /* Pods_GraduationProject.framework in Frameworks */,
			);
			runOnlyForDeploymentPostprocessing = 0;
		};
/* End PBXFrameworksBuildPhase section */

/* Begin PBXGroup section */
		01DD6DAA8C52CEC020A8045C /* Pods */ = {
			isa = PBXGroup;
			children = (
				D896399394417AED06BF2934 /* Pods-GraduationProject.debug.xcconfig */,
				04916B39388A12D6ACD2A965 /* Pods-GraduationProject.release.xcconfig */,
			);
			path = Pods;
			sourceTree = "<group>";
		};
		8E51C24AC531EDA247AC3CD6 /* Frameworks */ = {
			isa = PBXGroup;
			children = (
				C5F6DC3191B47715A7084DEA /* Pods_GraduationProject.framework */,
			);
			name = Frameworks;
			sourceTree = "<group>";
		};
		A00B7A4E29760377003F9760 /* Response */ = {
			isa = PBXGroup;
			children = (
				A08DDA3A2971CD90009C9031 /* Game.swift */,
				A08DDA3E2971CD9D009C9031 /* Platform.swift */,
				A08DDA3C2971CD96009C9031 /* GameDetail.swift */,
				A08DDA402971CDA3009C9031 /* Genre.swift */,
			);
			path = Response;
			sourceTree = "<group>";
		};
		A08DDA082971CB65009C9031 = {
			isa = PBXGroup;
			children = (
				A0DDC7FB297985A6003D4150 /* Localizable.strings */,
				A08DDA132971CB65009C9031 /* GraduationProject */,
				A08DDA122971CB65009C9031 /* Products */,
				01DD6DAA8C52CEC020A8045C /* Pods */,
				8E51C24AC531EDA247AC3CD6 /* Frameworks */,
			);
			sourceTree = "<group>";
		};
		A08DDA122971CB65009C9031 /* Products */ = {
			isa = PBXGroup;
			children = (
				A08DDA112971CB65009C9031 /* GraduationProject.app */,
			);
			name = Products;
			sourceTree = "<group>";
		};
		A08DDA132971CB65009C9031 /* GraduationProject */ = {
			isa = PBXGroup;
			children = (
				A09D38EF2979F0E000C1A8EF /* Modules */,
				A0DDC8022979EE25003D4150 /* Manager */,
				A08DDA312971CCCC009C9031 /* View */,
				A08DDA2F2971CCA8009C9031 /* Utils */,
				A08DDA2D2971CC98009C9031 /* API */,
				A08DDA2C2971CC90009C9031 /* Resource */,
				A08DDA2B2971CC8B009C9031 /* App */,
				A08DDA252971CB66009C9031 /* Info.plist */,
				A08DDA1D2971CB65009C9031 /* GraduationProject.xcdatamodeld */,
			);
			path = GraduationProject;
			sourceTree = "<group>";
		};
		A08DDA2B2971CC8B009C9031 /* App */ = {
			isa = PBXGroup;
			children = (
				A08DDA142971CB65009C9031 /* AppDelegate.swift */,
				A08DDA162971CB65009C9031 /* SceneDelegate.swift */,
			);
			path = App;
			sourceTree = "<group>";
		};
		A08DDA2C2971CC90009C9031 /* Resource */ = {
			isa = PBXGroup;
			children = (
				A08DDA202971CB66009C9031 /* Assets.xcassets */,
			);
			path = Resource;
			sourceTree = "<group>";
		};
		A08DDA2D2971CC98009C9031 /* API */ = {
			isa = PBXGroup;
			children = (
				A00B7A4E29760377003F9760 /* Response */,
				A08DDA342971CD52009C9031 /* APICaller.swift */,
				A08DDA362971CD69009C9031 /* APIConstants.swift */,
			);
			path = API;
			sourceTree = "<group>";
		};
		A08DDA2F2971CCA8009C9031 /* Utils */ = {
			isa = PBXGroup;
			children = (
				A0CC33F62972D3920020CF0B /* Extensions.swift */,
				A0CC33FE297307DF0020CF0B /* SearchSection.swift */,
				A0CC33FC2972EFC90020CF0B /* Utils.swift */,
				A0DDC7F1297893A1003D4150 /* PinterestLayout.swift */,
			);
			path = Utils;
			sourceTree = "<group>";
		};
		A08DDA312971CCCC009C9031 /* View */ = {
			isa = PBXGroup;
			children = (
				A08DDA1A2971CB65009C9031 /* Main.storyboard */,
				A08DDA222971CB66009C9031 /* LaunchScreen.storyboard */,
			);
			path = View;
			sourceTree = "<group>";
		};
		A09D38EF2979F0E000C1A8EF /* Modules */ = {
			isa = PBXGroup;
			children = (
				A09D38FC2979F17800C1A8EF /* AddNote */,
				A09D38FA2979F14100C1A8EF /* GameDetail */,
				A09D38F32979F0F500C1A8EF /* Note */,
				A09D38F22979F0EF00C1A8EF /* Favorite */,
				A09D38F12979F0E900C1A8EF /* Search */,
				A09D38F02979F0E600C1A8EF /* Home */,
			);
			path = Modules;
			sourceTree = "<group>";
		};
		A09D38F02979F0E600C1A8EF /* Home */ = {
			isa = PBXGroup;
			children = (
				A09D39072979F26800C1A8EF /* View */,
				A09D39042979F1FD00C1A8EF /* Model */,
				A09D39032979F1E400C1A8EF /* ViewModel */,
				A09D38F92979F11F00C1A8EF /* Controller */,
			);
			path = Home;
			sourceTree = "<group>";
		};
		A09D38F12979F0E900C1A8EF /* Search */ = {
			isa = PBXGroup;
			children = (
				A09D39082979F28800C1A8EF /* View */,
				A09D39052979F20900C1A8EF /* Model */,
				A09D39022979F1D700C1A8EF /* ViewModel */,
				A09D38F82979F11B00C1A8EF /* Controller */,
			);
			path = Search;
			sourceTree = "<group>";
		};
		A09D38F22979F0EF00C1A8EF /* Favorite */ = {
			isa = PBXGroup;
			children = (
				A09D39092979F29300C1A8EF /* View */,
				A09D39012979F1CC00C1A8EF /* ViewModel */,
				A09D38F72979F11800C1A8EF /* Controller */,
			);
			path = Favorite;
			sourceTree = "<group>";
		};
		A09D38F32979F0F500C1A8EF /* Note */ = {
			isa = PBXGroup;
			children = (
				A09D38F62979F10100C1A8EF /* Controller */,
				A09D38F52979F0FC00C1A8EF /* ViewModel */,
				A09D38F42979F0F900C1A8EF /* View */,
			);
			path = Note;
			sourceTree = "<group>";
		};
		A09D38F42979F0F900C1A8EF /* View */ = {
			isa = PBXGroup;
			children = (
				A0DDC7ED29787550003D4150 /* NoteCollectionViewCell.swift */,
			);
			path = View;
			sourceTree = "<group>";
		};
		A09D38F52979F0FC00C1A8EF /* ViewModel */ = {
			isa = PBXGroup;
			children = (
				A0DDC7EF29787740003D4150 /* NoteViewModel.swift */,
			);
			path = ViewModel;
			sourceTree = "<group>";
		};
		A09D38F62979F10100C1A8EF /* Controller */ = {
			isa = PBXGroup;
			children = (
				A022BA9329774AC800E950AC /* NotesViewController.swift */,
			);
			path = Controller;
			sourceTree = "<group>";
		};
		A09D38F72979F11800C1A8EF /* Controller */ = {
			isa = PBXGroup;
			children = (
				A00B7A5129770013003F9760 /* FavoritesViewController.swift */,
			);
			path = Controller;
			sourceTree = "<group>";
		};
		A09D38F82979F11B00C1A8EF /* Controller */ = {
			isa = PBXGroup;
			children = (
				A08DDA422971D3E3009C9031 /* SearchViewController.swift */,
			);
			path = Controller;
			sourceTree = "<group>";
		};
		A09D38F92979F11F00C1A8EF /* Controller */ = {
			isa = PBXGroup;
			children = (
				A08DDA182971CB65009C9031 /* HomeViewController.swift */,
			);
			path = Controller;
			sourceTree = "<group>";
		};
		A09D38FA2979F14100C1A8EF /* GameDetail */ = {
			isa = PBXGroup;
			children = (
				A09D390A2979F2AD00C1A8EF /* View */,
				A09D39062979F21700C1A8EF /* Model */,
				A09D38FF2979F1A500C1A8EF /* ViewModel */,
				A09D38FB2979F14E00C1A8EF /* Controller */,
			);
			path = GameDetail;
			sourceTree = "<group>";
		};
		A09D38FB2979F14E00C1A8EF /* Controller */ = {
			isa = PBXGroup;
			children = (
				A0F33D4C2974980A0041D204 /* GameDetailViewController.swift */,
			);
			path = Controller;
			sourceTree = "<group>";
		};
		A09D38FC2979F17800C1A8EF /* AddNote */ = {
			isa = PBXGroup;
			children = (
				A09D38FE2979F19400C1A8EF /* ViewModel */,
				A09D38FD2979F17C00C1A8EF /* Controller */,
			);
			path = AddNote;
			sourceTree = "<group>";
		};
		A09D38FD2979F17C00C1A8EF /* Controller */ = {
			isa = PBXGroup;
			children = (
				A022BA9529774B1500E950AC /* AddNoteViewController.swift */,
			);
			path = Controller;
			sourceTree = "<group>";
		};
		A09D38FE2979F19400C1A8EF /* ViewModel */ = {
			isa = PBXGroup;
			children = (
				A022BA972977576300E950AC /* AddNoteViewModel.swift */,
			);
			path = ViewModel;
			sourceTree = "<group>";
		};
		A09D38FF2979F1A500C1A8EF /* ViewModel */ = {
			isa = PBXGroup;
			children = (
				A0DEF4D62975A9F00036C3FF /* GameDetailViewModel.swift */,
			);
			path = ViewModel;
			sourceTree = "<group>";
		};
		A09D39012979F1CC00C1A8EF /* ViewModel */ = {
			isa = PBXGroup;
			children = (
				A022BA8D29770C2200E950AC /* FavoriteViewModel.swift */,
			);
			path = ViewModel;
			sourceTree = "<group>";
		};
		A09D39022979F1D700C1A8EF /* ViewModel */ = {
			isa = PBXGroup;
			children = (
				A0CC3404297309BC0020CF0B /* SearchViewModel.swift */,
			);
			path = ViewModel;
			sourceTree = "<group>";
		};
		A09D39032979F1E400C1A8EF /* ViewModel */ = {
			isa = PBXGroup;
			children = (
				A0CC33F82972D7340020CF0B /* HomeViewModel.swift */,
			);
			path = ViewModel;
			sourceTree = "<group>";
		};
		A09D39042979F1FD00C1A8EF /* Model */ = {
			isa = PBXGroup;
			children = (
				A0CC33FA2972D7C00020CF0B /* HomeModel.swift */,
			);
			path = Model;
			sourceTree = "<group>";
		};
		A09D39052979F20900C1A8EF /* Model */ = {
			isa = PBXGroup;
			children = (
				A0CC3406297309C70020CF0B /* SearchModel.swift */,
			);
			path = Model;
			sourceTree = "<group>";
		};
		A09D39062979F21700C1A8EF /* Model */ = {
			isa = PBXGroup;
			children = (
				A0DEF4D82975A9FE0036C3FF /* GameDetailModel.swift */,
			);
			path = Model;
			sourceTree = "<group>";
		};
		A09D39072979F26800C1A8EF /* View */ = {
			isa = PBXGroup;
			children = (
				A08DDA442971D902009C9031 /* LatestCollectionViewCell.swift */,
				A08DDA462971E3A6009C9031 /* PopularTableViewCell.swift */,
				A08DDA472971E3A6009C9031 /* PopularTableViewCell.xib */,
			);
			path = View;
			sourceTree = "<group>";
		};
		A09D39082979F28800C1A8EF /* View */ = {
			isa = PBXGroup;
			children = (
				A0CC340829730E290020CF0B /* SearchGameTableViewCell.swift */,
				A0CC340929730E290020CF0B /* SearchGameTableViewCell.xib */,
			);
			path = View;
			sourceTree = "<group>";
		};
		A09D39092979F29300C1A8EF /* View */ = {
			isa = PBXGroup;
			children = (
				A022BA8F2977199500E950AC /* FavoriteTableViewCell.swift */,
				A022BA902977199500E950AC /* FavoriteTableViewCell.xib */,
			);
			path = View;
			sourceTree = "<group>";
		};
		A09D390A2979F2AD00C1A8EF /* View */ = {
			isa = PBXGroup;
			children = (
				A0DEF4DE2975E3D30036C3FF /* GameDetailTableViewCell.swift */,
				A0DEF4DF2975E3D30036C3FF /* GameDetailTableViewCell.xib */,
			);
			path = View;
			sourceTree = "<group>";
		};
		A0DDC8022979EE25003D4150 /* Manager */ = {
			isa = PBXGroup;
			children = (
				A0DDC7F3297953C8003D4150 /* LocalNotificationManager.swift */,
				A00B7A5329770194003F9760 /* CoreDataManager.swift */,
			);
			path = Manager;
			sourceTree = "<group>";
		};
/* End PBXGroup section */

/* Begin PBXNativeTarget section */
		A08DDA102971CB65009C9031 /* GraduationProject */ = {
			isa = PBXNativeTarget;
			buildConfigurationList = A08DDA282971CB66009C9031 /* Build configuration list for PBXNativeTarget "GraduationProject" */;
			buildPhases = (
				C3B7499010E374A78F0BAFE9 /* [CP] Check Pods Manifest.lock */,
				A08DDA0D2971CB65009C9031 /* Sources */,
				A08DDA0E2971CB65009C9031 /* Frameworks */,
				A08DDA0F2971CB65009C9031 /* Resources */,
				5B1B3A74CD8D219C9072FE8E /* [CP] Embed Pods Frameworks */,
			);
			buildRules = (
			);
			dependencies = (
			);
			name = GraduationProject;
			productName = GraduationProject;
			productReference = A08DDA112971CB65009C9031 /* GraduationProject.app */;
			productType = "com.apple.product-type.application";
		};
/* End PBXNativeTarget section */

/* Begin PBXProject section */
		A08DDA092971CB65009C9031 /* Project object */ = {
			isa = PBXProject;
			attributes = {
				BuildIndependentTargetsInParallel = 1;
				LastSwiftUpdateCheck = 1420;
				LastUpgradeCheck = 1420;
				TargetAttributes = {
					A08DDA102971CB65009C9031 = {
						CreatedOnToolsVersion = 14.2;
					};
				};
			};
			buildConfigurationList = A08DDA0C2971CB65009C9031 /* Build configuration list for PBXProject "GraduationProject" */;
			compatibilityVersion = "Xcode 14.0";
			developmentRegion = en;
			hasScannedForEncodings = 0;
			knownRegions = (
				en,
				Base,
				de,
				tr,
			);
			mainGroup = A08DDA082971CB65009C9031;
			productRefGroup = A08DDA122971CB65009C9031 /* Products */;
			projectDirPath = "";
			projectRoot = "";
			targets = (
				A08DDA102971CB65009C9031 /* GraduationProject */,
			);
		};
/* End PBXProject section */

/* Begin PBXResourcesBuildPhase section */
		A08DDA0F2971CB65009C9031 /* Resources */ = {
			isa = PBXResourcesBuildPhase;
			buildActionMask = 2147483647;
			files = (
				A08DDA242971CB66009C9031 /* LaunchScreen.storyboard in Resources */,
				A08DDA212971CB66009C9031 /* Assets.xcassets in Resources */,
				A0CC340B29730E290020CF0B /* SearchGameTableViewCell.xib in Resources */,
				A08DDA1C2971CB65009C9031 /* Main.storyboard in Resources */,
				A0DEF4E12975E3D30036C3FF /* GameDetailTableViewCell.xib in Resources */,
				A0DDC7FD297985A6003D4150 /* Localizable.strings in Resources */,
				A022BA922977199500E950AC /* FavoriteTableViewCell.xib in Resources */,
				A08DDA492971E3A6009C9031 /* PopularTableViewCell.xib in Resources */,
			);
			runOnlyForDeploymentPostprocessing = 0;
		};
/* End PBXResourcesBuildPhase section */

/* Begin PBXShellScriptBuildPhase section */
		5B1B3A74CD8D219C9072FE8E /* [CP] Embed Pods Frameworks */ = {
			isa = PBXShellScriptBuildPhase;
			buildActionMask = 2147483647;
			files = (
			);
			inputFileListPaths = (
				"${PODS_ROOT}/Target Support Files/Pods-GraduationProject/Pods-GraduationProject-frameworks-${CONFIGURATION}-input-files.xcfilelist",
			);
			name = "[CP] Embed Pods Frameworks";
			outputFileListPaths = (
				"${PODS_ROOT}/Target Support Files/Pods-GraduationProject/Pods-GraduationProject-frameworks-${CONFIGURATION}-output-files.xcfilelist",
			);
			runOnlyForDeploymentPostprocessing = 0;
			shellPath = /bin/sh;
			shellScript = "\"${PODS_ROOT}/Target Support Files/Pods-GraduationProject/Pods-GraduationProject-frameworks.sh\"\n";
			showEnvVarsInLog = 0;
		};
		C3B7499010E374A78F0BAFE9 /* [CP] Check Pods Manifest.lock */ = {
			isa = PBXShellScriptBuildPhase;
			buildActionMask = 2147483647;
			files = (
			);
			inputFileListPaths = (
			);
			inputPaths = (
				"${PODS_PODFILE_DIR_PATH}/Podfile.lock",
				"${PODS_ROOT}/Manifest.lock",
			);
			name = "[CP] Check Pods Manifest.lock";
			outputFileListPaths = (
			);
			outputPaths = (
				"$(DERIVED_FILE_DIR)/Pods-GraduationProject-checkManifestLockResult.txt",
			);
			runOnlyForDeploymentPostprocessing = 0;
			shellPath = /bin/sh;
			shellScript = "diff \"${PODS_PODFILE_DIR_PATH}/Podfile.lock\" \"${PODS_ROOT}/Manifest.lock\" > /dev/null\nif [ $? != 0 ] ; then\n    # print error to STDERR\n    echo \"error: The sandbox is not in sync with the Podfile.lock. Run 'pod install' or update your CocoaPods installation.\" >&2\n    exit 1\nfi\n# This output is used by Xcode 'outputs' to avoid re-running this script phase.\necho \"SUCCESS\" > \"${SCRIPT_OUTPUT_FILE_0}\"\n";
			showEnvVarsInLog = 0;
		};
/* End PBXShellScriptBuildPhase section */

/* Begin PBXSourcesBuildPhase section */
		A08DDA0D2971CB65009C9031 /* Sources */ = {
			isa = PBXSourcesBuildPhase;
			buildActionMask = 2147483647;
			files = (
				A0DDC7F029787740003D4150 /* NoteViewModel.swift in Sources */,
				A08DDA3F2971CD9D009C9031 /* Platform.swift in Sources */,
				A00B7A5229770013003F9760 /* FavoritesViewController.swift in Sources */,
				A08DDA192971CB65009C9031 /* HomeViewController.swift in Sources */,
				A0CC33FF297307DF0020CF0B /* SearchSection.swift in Sources */,
				A022BA9429774AC800E950AC /* NotesViewController.swift in Sources */,
				A0CC33F92972D7340020CF0B /* HomeViewModel.swift in Sources */,
				A08DDA412971CDA3009C9031 /* Genre.swift in Sources */,
				A08DDA152971CB65009C9031 /* AppDelegate.swift in Sources */,
				A08DDA452971D902009C9031 /* LatestCollectionViewCell.swift in Sources */,
				A08DDA372971CD69009C9031 /* APIConstants.swift in Sources */,
				A08DDA432971D3E3009C9031 /* SearchViewController.swift in Sources */,
				A0DDC7F4297953C8003D4150 /* LocalNotificationManager.swift in Sources */,
				A0CC33FB2972D7C00020CF0B /* HomeModel.swift in Sources */,
				A08DDA172971CB65009C9031 /* SceneDelegate.swift in Sources */,
				A0DEF4E02975E3D30036C3FF /* GameDetailTableViewCell.swift in Sources */,
				A0CC33FD2972EFC90020CF0B /* Utils.swift in Sources */,
				A0DEF4D72975A9F00036C3FF /* GameDetailViewModel.swift in Sources */,
				A08DDA352971CD52009C9031 /* APICaller.swift in Sources */,
				A0CC3405297309BC0020CF0B /* SearchViewModel.swift in Sources */,
				A0CC340A29730E290020CF0B /* SearchGameTableViewCell.swift in Sources */,
				A022BA9629774B1500E950AC /* AddNoteViewController.swift in Sources */,
				A022BA982977576300E950AC /* AddNoteViewModel.swift in Sources */,
				A022BA912977199500E950AC /* FavoriteTableViewCell.swift in Sources */,
				A0DDC7F2297893A1003D4150 /* PinterestLayout.swift in Sources */,
				A0CC33F72972D3920020CF0B /* Extensions.swift in Sources */,
				A0CC3407297309C70020CF0B /* SearchModel.swift in Sources */,
				A0DEF4D92975A9FE0036C3FF /* GameDetailModel.swift in Sources */,
				A0F33D4D2974980A0041D204 /* GameDetailViewController.swift in Sources */,
				A08DDA1F2971CB65009C9031 /* GraduationProject.xcdatamodeld in Sources */,
				A08DDA482971E3A6009C9031 /* PopularTableViewCell.swift in Sources */,
				A08DDA3D2971CD96009C9031 /* GameDetail.swift in Sources */,
				A022BA8E29770C2200E950AC /* FavoriteViewModel.swift in Sources */,
				A00B7A5429770194003F9760 /* CoreDataManager.swift in Sources */,
				A0DDC7EE29787550003D4150 /* NoteCollectionViewCell.swift in Sources */,
				A08DDA3B2971CD90009C9031 /* Game.swift in Sources */,
			);
			runOnlyForDeploymentPostprocessing = 0;
		};
/* End PBXSourcesBuildPhase section */

/* Begin PBXVariantGroup section */
		A08DDA1A2971CB65009C9031 /* Main.storyboard */ = {
			isa = PBXVariantGroup;
			children = (
				A08DDA1B2971CB65009C9031 /* Base */,
				A0DDC7F529797B5F003D4150 /* de */,
				A0DDC7FA2979852C003D4150 /* en */,
				A0DDC80029798D7F003D4150 /* tr */,
			);
			name = Main.storyboard;
			sourceTree = "<group>";
		};
		A08DDA222971CB66009C9031 /* LaunchScreen.storyboard */ = {
			isa = PBXVariantGroup;
			children = (
				A08DDA232971CB66009C9031 /* Base */,
			);
			name = LaunchScreen.storyboard;
			sourceTree = "<group>";
		};
		A0DDC7FB297985A6003D4150 /* Localizable.strings */ = {
			isa = PBXVariantGroup;
			children = (
				A0DDC7FC297985A6003D4150 /* Base */,
				A0DDC7FE297985A9003D4150 /* de */,
				A0DDC7FF297985AA003D4150 /* en */,
				A0DDC80129798D7F003D4150 /* tr */,
			);
			name = Localizable.strings;
			sourceTree = "<group>";
		};
/* End PBXVariantGroup section */

/* Begin XCBuildConfiguration section */
		A08DDA262971CB66009C9031 /* Debug */ = {
			isa = XCBuildConfiguration;
			buildSettings = {
				ALWAYS_SEARCH_USER_PATHS = NO;
				CLANG_ANALYZER_LOCALIZABILITY_NONLOCALIZED = YES;
				CLANG_ANALYZER_NONNULL = YES;
				CLANG_ANALYZER_NUMBER_OBJECT_CONVERSION = YES_AGGRESSIVE;
				CLANG_CXX_LANGUAGE_STANDARD = "gnu++20";
				CLANG_ENABLE_MODULES = YES;
				CLANG_ENABLE_OBJC_ARC = YES;
				CLANG_ENABLE_OBJC_WEAK = YES;
				CLANG_WARN_BLOCK_CAPTURE_AUTORELEASING = YES;
				CLANG_WARN_BOOL_CONVERSION = YES;
				CLANG_WARN_COMMA = YES;
				CLANG_WARN_CONSTANT_CONVERSION = YES;
				CLANG_WARN_DEPRECATED_OBJC_IMPLEMENTATIONS = YES;
				CLANG_WARN_DIRECT_OBJC_ISA_USAGE = YES_ERROR;
				CLANG_WARN_DOCUMENTATION_COMMENTS = YES;
				CLANG_WARN_EMPTY_BODY = YES;
				CLANG_WARN_ENUM_CONVERSION = YES;
				CLANG_WARN_INFINITE_RECURSION = YES;
				CLANG_WARN_INT_CONVERSION = YES;
				CLANG_WARN_NON_LITERAL_NULL_CONVERSION = YES;
				CLANG_WARN_OBJC_IMPLICIT_RETAIN_SELF = YES;
				CLANG_WARN_OBJC_LITERAL_CONVERSION = YES;
				CLANG_WARN_OBJC_ROOT_CLASS = YES_ERROR;
				CLANG_WARN_QUOTED_INCLUDE_IN_FRAMEWORK_HEADER = YES;
				CLANG_WARN_RANGE_LOOP_ANALYSIS = YES;
				CLANG_WARN_STRICT_PROTOTYPES = YES;
				CLANG_WARN_SUSPICIOUS_MOVE = YES;
				CLANG_WARN_UNGUARDED_AVAILABILITY = YES_AGGRESSIVE;
				CLANG_WARN_UNREACHABLE_CODE = YES;
				CLANG_WARN__DUPLICATE_METHOD_MATCH = YES;
				COPY_PHASE_STRIP = NO;
				DEBUG_INFORMATION_FORMAT = dwarf;
				ENABLE_STRICT_OBJC_MSGSEND = YES;
				ENABLE_TESTABILITY = YES;
				GCC_C_LANGUAGE_STANDARD = gnu11;
				GCC_DYNAMIC_NO_PIC = NO;
				GCC_NO_COMMON_BLOCKS = YES;
				GCC_OPTIMIZATION_LEVEL = 0;
				GCC_PREPROCESSOR_DEFINITIONS = (
					"DEBUG=1",
					"$(inherited)",
				);
				GCC_WARN_64_TO_32_BIT_CONVERSION = YES;
				GCC_WARN_ABOUT_RETURN_TYPE = YES_ERROR;
				GCC_WARN_UNDECLARED_SELECTOR = YES;
				GCC_WARN_UNINITIALIZED_AUTOS = YES_AGGRESSIVE;
				GCC_WARN_UNUSED_FUNCTION = YES;
				GCC_WARN_UNUSED_VARIABLE = YES;
				IPHONEOS_DEPLOYMENT_TARGET = 16.0;
				MTL_ENABLE_DEBUG_INFO = INCLUDE_SOURCE;
				MTL_FAST_MATH = YES;
				ONLY_ACTIVE_ARCH = YES;
				PRODUCT_NAME = Gamer;
				SDKROOT = iphoneos;
				SWIFT_ACTIVE_COMPILATION_CONDITIONS = DEBUG;
				SWIFT_OPTIMIZATION_LEVEL = "-Onone";
			};
			name = Debug;
		};
		A08DDA272971CB66009C9031 /* Release */ = {
			isa = XCBuildConfiguration;
			buildSettings = {
				ALWAYS_SEARCH_USER_PATHS = NO;
				CLANG_ANALYZER_LOCALIZABILITY_NONLOCALIZED = YES;
				CLANG_ANALYZER_NONNULL = YES;
				CLANG_ANALYZER_NUMBER_OBJECT_CONVERSION = YES_AGGRESSIVE;
				CLANG_CXX_LANGUAGE_STANDARD = "gnu++20";
				CLANG_ENABLE_MODULES = YES;
				CLANG_ENABLE_OBJC_ARC = YES;
				CLANG_ENABLE_OBJC_WEAK = YES;
				CLANG_WARN_BLOCK_CAPTURE_AUTORELEASING = YES;
				CLANG_WARN_BOOL_CONVERSION = YES;
				CLANG_WARN_COMMA = YES;
				CLANG_WARN_CONSTANT_CONVERSION = YES;
				CLANG_WARN_DEPRECATED_OBJC_IMPLEMENTATIONS = YES;
				CLANG_WARN_DIRECT_OBJC_ISA_USAGE = YES_ERROR;
				CLANG_WARN_DOCUMENTATION_COMMENTS = YES;
				CLANG_WARN_EMPTY_BODY = YES;
				CLANG_WARN_ENUM_CONVERSION = YES;
				CLANG_WARN_INFINITE_RECURSION = YES;
				CLANG_WARN_INT_CONVERSION = YES;
				CLANG_WARN_NON_LITERAL_NULL_CONVERSION = YES;
				CLANG_WARN_OBJC_IMPLICIT_RETAIN_SELF = YES;
				CLANG_WARN_OBJC_LITERAL_CONVERSION = YES;
				CLANG_WARN_OBJC_ROOT_CLASS = YES_ERROR;
				CLANG_WARN_QUOTED_INCLUDE_IN_FRAMEWORK_HEADER = YES;
				CLANG_WARN_RANGE_LOOP_ANALYSIS = YES;
				CLANG_WARN_STRICT_PROTOTYPES = YES;
				CLANG_WARN_SUSPICIOUS_MOVE = YES;
				CLANG_WARN_UNGUARDED_AVAILABILITY = YES_AGGRESSIVE;
				CLANG_WARN_UNREACHABLE_CODE = YES;
				CLANG_WARN__DUPLICATE_METHOD_MATCH = YES;
				COPY_PHASE_STRIP = NO;
				DEBUG_INFORMATION_FORMAT = "dwarf-with-dsym";
				ENABLE_NS_ASSERTIONS = NO;
				ENABLE_STRICT_OBJC_MSGSEND = YES;
				GCC_C_LANGUAGE_STANDARD = gnu11;
				GCC_NO_COMMON_BLOCKS = YES;
				GCC_WARN_64_TO_32_BIT_CONVERSION = YES;
				GCC_WARN_ABOUT_RETURN_TYPE = YES_ERROR;
				GCC_WARN_UNDECLARED_SELECTOR = YES;
				GCC_WARN_UNINITIALIZED_AUTOS = YES_AGGRESSIVE;
				GCC_WARN_UNUSED_FUNCTION = YES;
				GCC_WARN_UNUSED_VARIABLE = YES;
				IPHONEOS_DEPLOYMENT_TARGET = 16.0;
				MTL_ENABLE_DEBUG_INFO = NO;
				MTL_FAST_MATH = YES;
				PRODUCT_NAME = Gamer;
				SDKROOT = iphoneos;
				SWIFT_COMPILATION_MODE = wholemodule;
				SWIFT_OPTIMIZATION_LEVEL = "-O";
				VALIDATE_PRODUCT = YES;
			};
			name = Release;
		};
		A08DDA292971CB66009C9031 /* Debug */ = {
			isa = XCBuildConfiguration;
			baseConfigurationReference = D896399394417AED06BF2934 /* Pods-GraduationProject.debug.xcconfig */;
			buildSettings = {
				ASSETCATALOG_COMPILER_APPICON_NAME = AppIcon;
				ASSETCATALOG_COMPILER_GLOBAL_ACCENT_COLOR_NAME = AccentColor;
				CODE_SIGN_STYLE = Automatic;
				CURRENT_PROJECT_VERSION = 1;
				DEVELOPMENT_TEAM = 68KQTL44VS;
				GENERATE_INFOPLIST_FILE = YES;
				INFOPLIST_FILE = GraduationProject/Info.plist;
				INFOPLIST_KEY_UIApplicationSupportsIndirectInputEvents = YES;
				INFOPLIST_KEY_UILaunchStoryboardName = LaunchScreen;
				INFOPLIST_KEY_UIMainStoryboardFile = Main;
				INFOPLIST_KEY_UISupportedInterfaceOrientations_iPad = "UIInterfaceOrientationPortrait UIInterfaceOrientationPortraitUpsideDown UIInterfaceOrientationLandscapeLeft UIInterfaceOrientationLandscapeRight";
				INFOPLIST_KEY_UISupportedInterfaceOrientations_iPhone = "UIInterfaceOrientationPortrait UIInterfaceOrientationLandscapeLeft UIInterfaceOrientationLandscapeRight";
				IPHONEOS_DEPLOYMENT_TARGET = 16.0;
				LD_RUNPATH_SEARCH_PATHS = (
					"$(inherited)",
					"@executable_path/Frameworks",
				);
				MARKETING_VERSION = 1.0;
				PRODUCT_BUNDLE_IDENTIFIER = com.denizataes.GraduationProject;
				PRODUCT_NAME = "$(TARGET_NAME)";
				SWIFT_EMIT_LOC_STRINGS = YES;
				SWIFT_VERSION = 5.0;
				TARGETED_DEVICE_FAMILY = "1,2";
			};
			name = Debug;
		};
		A08DDA2A2971CB66009C9031 /* Release */ = {
			isa = XCBuildConfiguration;
			baseConfigurationReference = 04916B39388A12D6ACD2A965 /* Pods-GraduationProject.release.xcconfig */;
			buildSettings = {
				ASSETCATALOG_COMPILER_APPICON_NAME = AppIcon;
				ASSETCATALOG_COMPILER_GLOBAL_ACCENT_COLOR_NAME = AccentColor;
				CODE_SIGN_STYLE = Automatic;
				CURRENT_PROJECT_VERSION = 1;
				DEVELOPMENT_TEAM = 68KQTL44VS;
				GENERATE_INFOPLIST_FILE = YES;
				INFOPLIST_FILE = GraduationProject/Info.plist;
				INFOPLIST_KEY_UIApplicationSupportsIndirectInputEvents = YES;
				INFOPLIST_KEY_UILaunchStoryboardName = LaunchScreen;
				INFOPLIST_KEY_UIMainStoryboardFile = Main;
				INFOPLIST_KEY_UISupportedInterfaceOrientations_iPad = "UIInterfaceOrientationPortrait UIInterfaceOrientationPortraitUpsideDown UIInterfaceOrientationLandscapeLeft UIInterfaceOrientationLandscapeRight";
				INFOPLIST_KEY_UISupportedInterfaceOrientations_iPhone = "UIInterfaceOrientationPortrait UIInterfaceOrientationLandscapeLeft UIInterfaceOrientationLandscapeRight";
				IPHONEOS_DEPLOYMENT_TARGET = 16.0;
				LD_RUNPATH_SEARCH_PATHS = (
					"$(inherited)",
					"@executable_path/Frameworks",
				);
				MARKETING_VERSION = 1.0;
				PRODUCT_BUNDLE_IDENTIFIER = com.denizataes.GraduationProject;
				PRODUCT_NAME = "$(TARGET_NAME)";
				SWIFT_EMIT_LOC_STRINGS = YES;
				SWIFT_VERSION = 5.0;
				TARGETED_DEVICE_FAMILY = "1,2";
			};
			name = Release;
		};
/* End XCBuildConfiguration section */

/* Begin XCConfigurationList section */
		A08DDA0C2971CB65009C9031 /* Build configuration list for PBXProject "GraduationProject" */ = {
			isa = XCConfigurationList;
			buildConfigurations = (
				A08DDA262971CB66009C9031 /* Debug */,
				A08DDA272971CB66009C9031 /* Release */,
			);
			defaultConfigurationIsVisible = 0;
			defaultConfigurationName = Release;
		};
		A08DDA282971CB66009C9031 /* Build configuration list for PBXNativeTarget "GraduationProject" */ = {
			isa = XCConfigurationList;
			buildConfigurations = (
				A08DDA292971CB66009C9031 /* Debug */,
				A08DDA2A2971CB66009C9031 /* Release */,
			);
			defaultConfigurationIsVisible = 0;
			defaultConfigurationName = Release;
		};
/* End XCConfigurationList section */

/* Begin XCVersionGroup section */
		A08DDA1D2971CB65009C9031 /* GraduationProject.xcdatamodeld */ = {
			isa = XCVersionGroup;
			children = (
				A08DDA1E2971CB65009C9031 /* GraduationProject.xcdatamodel */,
			);
			currentVersion = A08DDA1E2971CB65009C9031 /* GraduationProject.xcdatamodel */;
			path = GraduationProject.xcdatamodeld;
			sourceTree = "<group>";
			versionGroupType = wrapper.xcdatamodel;
		};
/* End XCVersionGroup section */
	};
	rootObject = A08DDA092971CB65009C9031 /* Project object */;
}
